
Microsoft Visual Studio Solution File, Format Version 12.00
# Visual Studio 15
VisualStudioVersion = 15.0.26124.0
MinimumVisualStudioVersion = 15.0.26124.0
Project("{FAE04EC0-301F-11D3-BF4B-00C04F79EFBC}") = "RVTR.Lodging.DataContext", "RVTR.Lodging.DataContext\RVTR.Lodging.DataContext.csproj", "{9389A610-C55D-4B2D-B5DA-5D91AB354CFB}"
EndProject
Project("{FAE04EC0-301F-11D3-BF4B-00C04F79EFBC}") = "RVTR.Lodging.ObjectModel", "RVTR.Lodging.ObjectModel\RVTR.Lodging.ObjectModel.csproj", "{75990F44-3406-4625-B733-24D53599094A}"
EndProject
Project("{FAE04EC0-301F-11D3-BF4B-00C04F79EFBC}") = "RVTR.Lodging.UnitTesting", "RVTR.Lodging.UnitTesting\RVTR.Lodging.UnitTesting.csproj", "{A0CF8191-7FC0-4CE6-BEA6-F7FA9C68E529}"
EndProject
Project("{FAE04EC0-301F-11D3-BF4B-00C04F79EFBC}") = "RVTR.Lodging.WebApi", "RVTR.Lodging.WebApi\RVTR.Lodging.WebApi.csproj", "{2B255725-C53A-4E74-852E-41F72AE675FF}"
EndProject
Project("{FAE04EC0-301F-11D3-BF4B-00C04F79EFBC}") = "RVTR.Lodging.WebRpc", "RVTR.Lodging.WebRpc\RVTR.Lodging.WebRpc.csproj", "{C2A4941E-2216-4F8A-9DCB-72C7FF2C116B}"
EndProject
Global
	GlobalSection(SolutionConfigurationPlatforms) = preSolution
		Debug|Any CPU = Debug|Any CPU
		Debug|x64 = Debug|x64
		Debug|x86 = Debug|x86
		Release|Any CPU = Release|Any CPU
		Release|x64 = Release|x64
		Release|x86 = Release|x86
	EndGlobalSection
	GlobalSection(SolutionProperties) = preSolution
		HideSolutionNode = FALSE
	EndGlobalSection
	GlobalSection(ProjectConfigurationPlatforms) = postSolution
		{9389A610-C55D-4B2D-B5DA-5D91AB354CFB}.Debug|Any CPU.ActiveCfg = Debug|Any CPU
		{9389A610-C55D-4B2D-B5DA-5D91AB354CFB}.Debug|Any CPU.Build.0 = Debug|Any CPU
		{9389A610-C55D-4B2D-B5DA-5D91AB354CFB}.Debug|x64.ActiveCfg = Debug|Any CPU
		{9389A610-C55D-4B2D-B5DA-5D91AB354CFB}.Debug|x64.Build.0 = Debug|Any CPU
		{9389A610-C55D-4B2D-B5DA-5D91AB354CFB}.Debug|x86.ActiveCfg = Debug|Any CPU
		{9389A610-C55D-4B2D-B5DA-5D91AB354CFB}.Debug|x86.Build.0 = Debug|Any CPU
		{9389A610-C55D-4B2D-B5DA-5D91AB354CFB}.Release|Any CPU.ActiveCfg = Release|Any CPU
		{9389A610-C55D-4B2D-B5DA-5D91AB354CFB}.Release|Any CPU.Build.0 = Release|Any CPU
		{9389A610-C55D-4B2D-B5DA-5D91AB354CFB}.Release|x64.ActiveCfg = Release|Any CPU
		{9389A610-C55D-4B2D-B5DA-5D91AB354CFB}.Release|x64.Build.0 = Release|Any CPU
		{9389A610-C55D-4B2D-B5DA-5D91AB354CFB}.Release|x86.ActiveCfg = Release|Any CPU
		{9389A610-C55D-4B2D-B5DA-5D91AB354CFB}.Release|x86.Build.0 = Release|Any CPU
		{75990F44-3406-4625-B733-24D53599094A}.Debug|Any CPU.ActiveCfg = Debug|Any CPU
		{75990F44-3406-4625-B733-24D53599094A}.Debug|Any CPU.Build.0 = Debug|Any CPU
		{75990F44-3406-4625-B733-24D53599094A}.Debug|x64.ActiveCfg = Debug|Any CPU
		{75990F44-3406-4625-B733-24D53599094A}.Debug|x64.Build.0 = Debug|Any CPU
		{75990F44-3406-4625-B733-24D53599094A}.Debug|x86.ActiveCfg = Debug|Any CPU
		{75990F44-3406-4625-B733-24D53599094A}.Debug|x86.Build.0 = Debug|Any CPU
		{75990F44-3406-4625-B733-24D53599094A}.Release|Any CPU.ActiveCfg = Release|Any CPU
		{75990F44-3406-4625-B733-24D53599094A}.Release|Any CPU.Build.0 = Release|Any CPU
		{75990F44-3406-4625-B733-24D53599094A}.Release|x64.ActiveCfg = Release|Any CPU
		{75990F44-3406-4625-B733-24D53599094A}.Release|x64.Build.0 = Release|Any CPU
		{75990F44-3406-4625-B733-24D53599094A}.Release|x86.ActiveCfg = Release|Any CPU
		{75990F44-3406-4625-B733-24D53599094A}.Release|x86.Build.0 = Release|Any CPU
		{A0CF8191-7FC0-4CE6-BEA6-F7FA9C68E529}.Debug|Any CPU.ActiveCfg = Debug|Any CPU
		{A0CF8191-7FC0-4CE6-BEA6-F7FA9C68E529}.Debug|Any CPU.Build.0 = Debug|Any CPU
		{A0CF8191-7FC0-4CE6-BEA6-F7FA9C68E529}.Debug|x64.ActiveCfg = Debug|Any CPU
		{A0CF8191-7FC0-4CE6-BEA6-F7FA9C68E529}.Debug|x64.Build.0 = Debug|Any CPU
		{A0CF8191-7FC0-4CE6-BEA6-F7FA9C68E529}.Debug|x86.ActiveCfg = Debug|Any CPU
		{A0CF8191-7FC0-4CE6-BEA6-F7FA9C68E529}.Debug|x86.Build.0 = Debug|Any CPU
		{A0CF8191-7FC0-4CE6-BEA6-F7FA9C68E529}.Release|Any CPU.ActiveCfg = Release|Any CPU
		{A0CF8191-7FC0-4CE6-BEA6-F7FA9C68E529}.Release|Any CPU.Build.0 = Release|Any CPU
		{A0CF8191-7FC0-4CE6-BEA6-F7FA9C68E529}.Release|x64.ActiveCfg = Release|Any CPU
		{A0CF8191-7FC0-4CE6-BEA6-F7FA9C68E529}.Release|x64.Build.0 = Release|Any CPU
		{A0CF8191-7FC0-4CE6-BEA6-F7FA9C68E529}.Release|x86.ActiveCfg = Release|Any CPU
		{A0CF8191-7FC0-4CE6-BEA6-F7FA9C68E529}.Release|x86.Build.0 = Release|Any CPU
		{2B255725-C53A-4E74-852E-41F72AE675FF}.Debug|Any CPU.ActiveCfg = Debug|Any CPU
		{2B255725-C53A-4E74-852E-41F72AE675FF}.Debug|Any CPU.Build.0 = Debug|Any CPU
		{2B255725-C53A-4E74-852E-41F72AE675FF}.Debug|x64.ActiveCfg = Debug|Any CPU
		{2B255725-C53A-4E74-852E-41F72AE675FF}.Debug|x64.Build.0 = Debug|Any CPU
		{2B255725-C53A-4E74-852E-41F72AE675FF}.Debug|x86.ActiveCfg = Debug|Any CPU
		{2B255725-C53A-4E74-852E-41F72AE675FF}.Debug|x86.Build.0 = Debug|Any CPU
		{2B255725-C53A-4E74-852E-41F72AE675FF}.Release|Any CPU.ActiveCfg = Release|Any CPU
		{2B255725-C53A-4E74-852E-41F72AE675FF}.Release|Any CPU.Build.0 = Release|Any CPU
		{2B255725-C53A-4E74-852E-41F72AE675FF}.Release|x64.ActiveCfg = Release|Any CPU
		{2B255725-C53A-4E74-852E-41F72AE675FF}.Release|x64.Build.0 = Release|Any CPU
		{2B255725-C53A-4E74-852E-41F72AE675FF}.Release|x86.ActiveCfg = Release|Any CPU
		{2B255725-C53A-4E74-852E-41F72AE675FF}.Release|x86.Build.0 = Release|Any CPU
		{C2A4941E-2216-4F8A-9DCB-72C7FF2C116B}.Debug|Any CPU.ActiveCfg = Debug|Any CPU
		{C2A4941E-2216-4F8A-9DCB-72C7FF2C116B}.Debug|Any CPU.Build.0 = Debug|Any CPU
		{C2A4941E-2216-4F8A-9DCB-72C7FF2C116B}.Debug|x64.ActiveCfg = Debug|Any CPU
		{C2A4941E-2216-4F8A-9DCB-72C7FF2C116B}.Debug|x64.Build.0 = Debug|Any CPU
		{C2A4941E-2216-4F8A-9DCB-72C7FF2C116B}.Debug|x86.ActiveCfg = Debug|Any CPU
		{C2A4941E-2216-4F8A-9DCB-72C7FF2C116B}.Debug|x86.Build.0 = Debug|Any CPU
		{C2A4941E-2216-4F8A-9DCB-72C7FF2C116B}.Release|Any CPU.ActiveCfg = Release|Any CPU
		{C2A4941E-2216-4F8A-9DCB-72C7FF2C116B}.Release|Any CPU.Build.0 = Release|Any CPU
		{C2A4941E-2216-4F8A-9DCB-72C7FF2C116B}.Release|x64.ActiveCfg = Release|Any CPU
		{C2A4941E-2216-4F8A-9DCB-72C7FF2C116B}.Release|x64.Build.0 = Release|Any CPU
		{C2A4941E-2216-4F8A-9DCB-72C7FF2C116B}.Release|x86.ActiveCfg = Release|Any CPU
		{C2A4941E-2216-4F8A-9DCB-72C7FF2C116B}.Release|x86.Build.0 = Release|Any CPU
	EndGlobalSection
EndGlobal
